
Microsoft Visual Studio Solution File, Format Version 12.00
# Visual Studio Version 16
VisualStudioVersion = 16.0.31624.102
MinimumVisualStudioVersion = 10.0.40219.1
Project("{FAE04EC0-301F-11D3-BF4B-00C04F79EFBC}") = "FunctionReturnAndArraysFromFile", "FunctionReturnAndArraysFromFile\FunctionReturnAndArraysFromFile.csproj", "{E47DE7D5-79EF-4219-98D9-E0B5D4A91CC8}"
EndProject
Project("{FAE04EC0-301F-11D3-BF4B-00C04F79EFBC}") = "FridayNightRandom", "FridayNightRandom\FridayNightRandom.csproj", "{7F63A282-D741-4BA0-A703-90C18F0E2BEA}"
EndProject
Project("{FAE04EC0-301F-11D3-BF4B-00C04F79EFBC}") = "FridayRandomReturn", "FridayRandomReturn\FridayRandomReturn.csproj", "{C4D5AC97-2C74-41B7-8751-51A47BFF799A}"
EndProject
Project("{FAE04EC0-301F-11D3-BF4B-00C04F79EFBC}") = "PickRandomFromFile", "PickRandomFromFile\PickRandomFromFile.csproj", "{347A296D-F1A7-47CF-A60C-88651378E783}"
EndProject
Project("{FAE04EC0-301F-11D3-BF4B-00C04F79EFBC}") = "ChuckNorris", "ChuckNorris\ChuckNorris.csproj", "{FE1B14F1-575C-4F72-B9D9-621A5783D3D0}"
EndProject
Global
	GlobalSection(SolutionConfigurationPlatforms) = preSolution
		Debug|Any CPU = Debug|Any CPU
		Release|Any CPU = Release|Any CPU
	EndGlobalSection
	GlobalSection(ProjectConfigurationPlatforms) = postSolution
		{E47DE7D5-79EF-4219-98D9-E0B5D4A91CC8}.Debug|Any CPU.ActiveCfg = Debug|Any CPU
		{E47DE7D5-79EF-4219-98D9-E0B5D4A91CC8}.Debug|Any CPU.Build.0 = Debug|Any CPU
		{E47DE7D5-79EF-4219-98D9-E0B5D4A91CC8}.Release|Any CPU.ActiveCfg = Release|Any CPU
		{E47DE7D5-79EF-4219-98D9-E0B5D4A91CC8}.Release|Any CPU.Build.0 = Release|Any CPU
		{7F63A282-D741-4BA0-A703-90C18F0E2BEA}.Debug|Any CPU.ActiveCfg = Debug|Any CPU
		{7F63A282-D741-4BA0-A703-90C18F0E2BEA}.Debug|Any CPU.Build.0 = Debug|Any CPU
		{7F63A282-D741-4BA0-A703-90C18F0E2BEA}.Release|Any CPU.ActiveCfg = Release|Any CPU
		{7F63A282-D741-4BA0-A703-90C18F0E2BEA}.Release|Any CPU.Build.0 = Release|Any CPU
		{C4D5AC97-2C74-41B7-8751-51A47BFF799A}.Debug|Any CPU.ActiveCfg = Debug|Any CPU
		{C4D5AC97-2C74-41B7-8751-51A47BFF799A}.Debug|Any CPU.Build.0 = Debug|Any CPU
		{C4D5AC97-2C74-41B7-8751-51A47BFF799A}.Release|Any CPU.ActiveCfg = Release|Any CPU
		{C4D5AC97-2C74-41B7-8751-51A47BFF799A}.Release|Any CPU.Build.0 = Release|Any CPU
		{347A296D-F1A7-47CF-A60C-88651378E783}.Debug|Any CPU.ActiveCfg = Debug|Any CPU
		{347A296D-F1A7-47CF-A60C-88651378E783}.Debug|Any CPU.Build.0 = Debug|Any CPU
		{347A296D-F1A7-47CF-A60C-88651378E783}.Release|Any CPU.ActiveCfg = Release|Any CPU
		{347A296D-F1A7-47CF-A60C-88651378E783}.Release|Any CPU.Build.0 = Release|Any CPU
		{FE1B14F1-575C-4F72-B9D9-621A5783D3D0}.Debug|Any CPU.ActiveCfg = Debug|Any CPU
		{FE1B14F1-575C-4F72-B9D9-621A5783D3D0}.Debug|Any CPU.Build.0 = Debug|Any CPU
		{FE1B14F1-575C-4F72-B9D9-621A5783D3D0}.Release|Any CPU.ActiveCfg = Release|Any CPU
		{FE1B14F1-575C-4F72-B9D9-621A5783D3D0}.Release|Any CPU.Build.0 = Release|Any CPU
	EndGlobalSection
	GlobalSection(SolutionProperties) = preSolution
		HideSolutionNode = FALSE
	EndGlobalSection
	GlobalSection(ExtensibilityGlobals) = postSolution
		SolutionGuid = {973EB617-56E1-4F2C-BF6F-E19ECDBD646D}
	EndGlobalSection
EndGlobal
